
Microsoft Visual Studio Solution File, Format Version 12.00
# Visual Studio Version 17
VisualStudioVersion = 17.5.33516.290
MinimumVisualStudioVersion = 10.0.40219.1
Project("{FAE04EC0-301F-11D3-BF4B-00C04F79EFBC}") = "Interfaces", "Interfaces\Interfaces.csproj", "{A0846B94-43CF-4BC1-9FB3-286E44BF5BC5}"
EndProject
Global
	GlobalSection(SolutionConfigurationPlatforms) = preSolution
		Debug|Any CPU = Debug|Any CPU
		Release|Any CPU = Release|Any CPU
	EndGlobalSection
	GlobalSection(ProjectConfigurationPlatforms) = postSolution
		{A0846B94-43CF-4BC1-9FB3-286E44BF5BC5}.Debug|Any CPU.ActiveCfg = Debug|Any CPU
		{A0846B94-43CF-4BC1-9FB3-286E44BF5BC5}.Debug|Any CPU.Build.0 = Debug|Any CPU
		{A0846B94-43CF-4BC1-9FB3-286E44BF5BC5}.Release|Any CPU.ActiveCfg = Release|Any CPU
		{A0846B94-43CF-4BC1-9FB3-286E44BF5BC5}.Release|Any CPU.Build.0 = Release|Any CPU
	EndGlobalSection
	GlobalSection(SolutionProperties) = preSolution
		HideSolutionNode = FALSE
	EndGlobalSection
	GlobalSection(ExtensibilityGlobals) = postSolution
		SolutionGuid = {2E0C3981-2635-4F7F-B738-E81B509AEF04}
	EndGlobalSection
EndGlobal
