
Microsoft Visual Studio Solution File, Format Version 12.00
# Visual Studio Version 17
VisualStudioVersion = 17.5.33502.453
MinimumVisualStudioVersion = 10.0.40219.1
Project("{FAE04EC0-301F-11D3-BF4B-00C04F79EFBC}") = "Projeto4", "Projeto4\Projeto4.csproj", "{8227A5B5-F89D-4AA2-9E6F-D2D7337AC07E}"
EndProject
Global
	GlobalSection(SolutionConfigurationPlatforms) = preSolution
		Debug|Any CPU = Debug|Any CPU
		Release|Any CPU = Release|Any CPU
	EndGlobalSection
	GlobalSection(ProjectConfigurationPlatforms) = postSolution
		{8227A5B5-F89D-4AA2-9E6F-D2D7337AC07E}.Debug|Any CPU.ActiveCfg = Debug|Any CPU
		{8227A5B5-F89D-4AA2-9E6F-D2D7337AC07E}.Debug|Any CPU.Build.0 = Debug|Any CPU
		{8227A5B5-F89D-4AA2-9E6F-D2D7337AC07E}.Release|Any CPU.ActiveCfg = Release|Any CPU
		{8227A5B5-F89D-4AA2-9E6F-D2D7337AC07E}.Release|Any CPU.Build.0 = Release|Any CPU
	EndGlobalSection
	GlobalSection(SolutionProperties) = preSolution
		HideSolutionNode = FALSE
	EndGlobalSection
	GlobalSection(ExtensibilityGlobals) = postSolution
		SolutionGuid = {83D66EF7-6DB2-4A9D-83CE-729A4D157471}
	EndGlobalSection
EndGlobal
