
Microsoft Visual Studio Solution File, Format Version 12.00
# Visual Studio Version 17
VisualStudioVersion = 17.5.33502.453
MinimumVisualStudioVersion = 10.0.40219.1
Project("{FAE04EC0-301F-11D3-BF4B-00C04F79EFBC}") = "ProjetoQuatro", "ProjetoQuatro\ProjetoQuatro.csproj", "{FFC1A8F7-C02D-4E16-9D11-84BBBF48EA61}"
EndProject
Global
	GlobalSection(SolutionConfigurationPlatforms) = preSolution
		Debug|Any CPU = Debug|Any CPU
		Release|Any CPU = Release|Any CPU
	EndGlobalSection
	GlobalSection(ProjectConfigurationPlatforms) = postSolution
		{FFC1A8F7-C02D-4E16-9D11-84BBBF48EA61}.Debug|Any CPU.ActiveCfg = Debug|Any CPU
		{FFC1A8F7-C02D-4E16-9D11-84BBBF48EA61}.Debug|Any CPU.Build.0 = Debug|Any CPU
		{FFC1A8F7-C02D-4E16-9D11-84BBBF48EA61}.Release|Any CPU.ActiveCfg = Release|Any CPU
		{FFC1A8F7-C02D-4E16-9D11-84BBBF48EA61}.Release|Any CPU.Build.0 = Release|Any CPU
	EndGlobalSection
	GlobalSection(SolutionProperties) = preSolution
		HideSolutionNode = FALSE
	EndGlobalSection
	GlobalSection(ExtensibilityGlobals) = postSolution
		SolutionGuid = {AFC18C3B-3DF1-4241-9E4B-68744F469BE7}
	EndGlobalSection
EndGlobal
