
Microsoft Visual Studio Solution File, Format Version 12.00
# Visual Studio Version 17
VisualStudioVersion = 17.5.33516.290
MinimumVisualStudioVersion = 10.0.40219.1
Project("{FAE04EC0-301F-11D3-BF4B-00C04F79EFBC}") = "Upcastring e downcasting", "Upcastring e downcasting\Upcastring e downcasting.csproj", "{BCDDAABD-D056-4254-A13A-658E0E47B11F}"
EndProject
Global
	GlobalSection(SolutionConfigurationPlatforms) = preSolution
		Debug|Any CPU = Debug|Any CPU
		Release|Any CPU = Release|Any CPU
	EndGlobalSection
	GlobalSection(ProjectConfigurationPlatforms) = postSolution
		{BCDDAABD-D056-4254-A13A-658E0E47B11F}.Debug|Any CPU.ActiveCfg = Debug|Any CPU
		{BCDDAABD-D056-4254-A13A-658E0E47B11F}.Debug|Any CPU.Build.0 = Debug|Any CPU
		{BCDDAABD-D056-4254-A13A-658E0E47B11F}.Release|Any CPU.ActiveCfg = Release|Any CPU
		{BCDDAABD-D056-4254-A13A-658E0E47B11F}.Release|Any CPU.Build.0 = Release|Any CPU
	EndGlobalSection
	GlobalSection(SolutionProperties) = preSolution
		HideSolutionNode = FALSE
	EndGlobalSection
	GlobalSection(ExtensibilityGlobals) = postSolution
		SolutionGuid = {BEC98ACB-1D7E-4B2F-A63B-7A23D8045B86}
	EndGlobalSection
EndGlobal
