
Microsoft Visual Studio Solution File, Format Version 12.00
# Visual Studio Version 17
VisualStudioVersion = 17.5.33516.290
MinimumVisualStudioVersion = 10.0.40219.1
Project("{FAE04EC0-301F-11D3-BF4B-00C04F79EFBC}") = "classe abstratc - herença", "classe abstratc - herença\classe abstratc - herença.csproj", "{AA61867A-8085-44A8-A30D-A1F9AC58E5CB}"
EndProject
Global
	GlobalSection(SolutionConfigurationPlatforms) = preSolution
		Debug|Any CPU = Debug|Any CPU
		Release|Any CPU = Release|Any CPU
	EndGlobalSection
	GlobalSection(ProjectConfigurationPlatforms) = postSolution
		{AA61867A-8085-44A8-A30D-A1F9AC58E5CB}.Debug|Any CPU.ActiveCfg = Debug|Any CPU
		{AA61867A-8085-44A8-A30D-A1F9AC58E5CB}.Debug|Any CPU.Build.0 = Debug|Any CPU
		{AA61867A-8085-44A8-A30D-A1F9AC58E5CB}.Release|Any CPU.ActiveCfg = Release|Any CPU
		{AA61867A-8085-44A8-A30D-A1F9AC58E5CB}.Release|Any CPU.Build.0 = Release|Any CPU
	EndGlobalSection
	GlobalSection(SolutionProperties) = preSolution
		HideSolutionNode = FALSE
	EndGlobalSection
	GlobalSection(ExtensibilityGlobals) = postSolution
		SolutionGuid = {8E31CA84-60C7-4AF2-A178-0D67AB7BA936}
	EndGlobalSection
EndGlobal
