
Microsoft Visual Studio Solution File, Format Version 12.00
# Visual Studio Version 17
VisualStudioVersion = 17.5.33516.290
MinimumVisualStudioVersion = 10.0.40219.1
Project("{FAE04EC0-301F-11D3-BF4B-00C04F79EFBC}") = "Propriedade da classe", "Propriedade da classe\Propriedade da classe.csproj", "{08A0C50E-FBCE-45F3-AAEE-C6873694A3BE}"
EndProject
Global
	GlobalSection(SolutionConfigurationPlatforms) = preSolution
		Debug|Any CPU = Debug|Any CPU
		Release|Any CPU = Release|Any CPU
	EndGlobalSection
	GlobalSection(ProjectConfigurationPlatforms) = postSolution
		{08A0C50E-FBCE-45F3-AAEE-C6873694A3BE}.Debug|Any CPU.ActiveCfg = Debug|Any CPU
		{08A0C50E-FBCE-45F3-AAEE-C6873694A3BE}.Debug|Any CPU.Build.0 = Debug|Any CPU
		{08A0C50E-FBCE-45F3-AAEE-C6873694A3BE}.Release|Any CPU.ActiveCfg = Release|Any CPU
		{08A0C50E-FBCE-45F3-AAEE-C6873694A3BE}.Release|Any CPU.Build.0 = Release|Any CPU
	EndGlobalSection
	GlobalSection(SolutionProperties) = preSolution
		HideSolutionNode = FALSE
	EndGlobalSection
	GlobalSection(ExtensibilityGlobals) = postSolution
		SolutionGuid = {8AFABFC9-7EAD-4A5E-9531-B9C5B75541F9}
	EndGlobalSection
EndGlobal
